
Microsoft Visual Studio Solution File, Format Version 12.00
# Visual Studio Version 16
VisualStudioVersion = 16.0.30804.86
MinimumVisualStudioVersion = 10.0.40219.1
Project("{FAE04EC0-301F-11D3-BF4B-00C04F79EFBC}") = "TinderAutomator", "TinderAutomator.csproj", "{E121D17F-A284-4B1E-B087-0B80C31AC1D9}"
EndProject
Global
	GlobalSection(SolutionConfigurationPlatforms) = preSolution
		Debug|Any CPU = Debug|Any CPU
		Release|Any CPU = Release|Any CPU
	EndGlobalSection
	GlobalSection(ProjectConfigurationPlatforms) = postSolution
		{E121D17F-A284-4B1E-B087-0B80C31AC1D9}.Debug|Any CPU.ActiveCfg = Debug|Any CPU
		{E121D17F-A284-4B1E-B087-0B80C31AC1D9}.Debug|Any CPU.Build.0 = Debug|Any CPU
		{E121D17F-A284-4B1E-B087-0B80C31AC1D9}.Release|Any CPU.ActiveCfg = Release|Any CPU
		{E121D17F-A284-4B1E-B087-0B80C31AC1D9}.Release|Any CPU.Build.0 = Release|Any CPU
	EndGlobalSection
	GlobalSection(SolutionProperties) = preSolution
		HideSolutionNode = FALSE
	EndGlobalSection
	GlobalSection(ExtensibilityGlobals) = postSolution
		SolutionGuid = {8EE8AF14-258F-4D94-BD27-45D65C110597}
	EndGlobalSection
EndGlobal
